
Microsoft Visual Studio Solution File, Format Version 12.00
# Visual Studio Version 17
VisualStudioVersion = 17.0.31903.59
MinimumVisualStudioVersion = 10.0.40219.1
Project("{2150E333-8FDC-42A3-9474-1A3956D46DE8}") = "src", "src", "{ACAE462F-EFF2-41ED-87C3-CF3A34556B50}"
EndProject
Project("{FAE04EC0-301F-11D3-BF4B-00C04F79EFBC}") = "InsuranceApi.Domain", "src\InsuranceApi.Domain\InsuranceApi.Domain.csproj", "{C4ECA2FF-6643-4302-B3BD-1E040B70E5C8}"
EndProject
Project("{FAE04EC0-301F-11D3-BF4B-00C04F79EFBC}") = "InsuranceApi.Application", "src\InsuranceApi.Application\InsuranceApi.Application.csproj", "{007A0CD2-D82C-4D42-A855-411FC41B0856}"
EndProject
Project("{FAE04EC0-301F-11D3-BF4B-00C04F79EFBC}") = "InsuranceApi.Infrastructure", "src\InsuranceApi.Infrastructure\InsuranceApi.Infrastructure.csproj", "{A08BC0E3-468F-496F-8A62-A8EDE70DDF8B}"
EndProject
Project("{FAE04EC0-301F-11D3-BF4B-00C04F79EFBC}") = "InsuranceApi.Api", "src\InsuranceApi.Api\InsuranceApi.Api.csproj", "{E124D5C5-C074-4208-856C-EE8BAC242A71}"
EndProject
Project("{2150E333-8FDC-42A3-9474-1A3956D46DE8}") = "tests", "tests", "{83C17737-32D2-4B03-B3E0-24734DB61510}"
EndProject
Project("{FAE04EC0-301F-11D3-BF4B-00C04F79EFBC}") = "InsuranceApi.UnitTests", "tests\InsuranceApi.UnitTests\InsuranceApi.UnitTests.csproj", "{5F4E6A46-EBE5-4C44-8EB7-2819A541480C}"
EndProject
Global
	GlobalSection(SolutionConfigurationPlatforms) = preSolution
		Debug|Any CPU = Debug|Any CPU
		Release|Any CPU = Release|Any CPU
	EndGlobalSection
	GlobalSection(SolutionProperties) = preSolution
		HideSolutionNode = FALSE
	EndGlobalSection
	GlobalSection(ProjectConfigurationPlatforms) = postSolution
		{C4ECA2FF-6643-4302-B3BD-1E040B70E5C8}.Debug|Any CPU.ActiveCfg = Debug|Any CPU
		{C4ECA2FF-6643-4302-B3BD-1E040B70E5C8}.Debug|Any CPU.Build.0 = Debug|Any CPU
		{C4ECA2FF-6643-4302-B3BD-1E040B70E5C8}.Release|Any CPU.ActiveCfg = Release|Any CPU
		{C4ECA2FF-6643-4302-B3BD-1E040B70E5C8}.Release|Any CPU.Build.0 = Release|Any CPU
		{007A0CD2-D82C-4D42-A855-411FC41B0856}.Debug|Any CPU.ActiveCfg = Debug|Any CPU
		{007A0CD2-D82C-4D42-A855-411FC41B0856}.Debug|Any CPU.Build.0 = Debug|Any CPU
		{007A0CD2-D82C-4D42-A855-411FC41B0856}.Release|Any CPU.ActiveCfg = Release|Any CPU
		{007A0CD2-D82C-4D42-A855-411FC41B0856}.Release|Any CPU.Build.0 = Release|Any CPU
		{A08BC0E3-468F-496F-8A62-A8EDE70DDF8B}.Debug|Any CPU.ActiveCfg = Debug|Any CPU
		{A08BC0E3-468F-496F-8A62-A8EDE70DDF8B}.Debug|Any CPU.Build.0 = Debug|Any CPU
		{A08BC0E3-468F-496F-8A62-A8EDE70DDF8B}.Release|Any CPU.ActiveCfg = Release|Any CPU
		{A08BC0E3-468F-496F-8A62-A8EDE70DDF8B}.Release|Any CPU.Build.0 = Release|Any CPU
		{E124D5C5-C074-4208-856C-EE8BAC242A71}.Debug|Any CPU.ActiveCfg = Debug|Any CPU
		{E124D5C5-C074-4208-856C-EE8BAC242A71}.Debug|Any CPU.Build.0 = Debug|Any CPU
		{E124D5C5-C074-4208-856C-EE8BAC242A71}.Release|Any CPU.ActiveCfg = Release|Any CPU
		{E124D5C5-C074-4208-856C-EE8BAC242A71}.Release|Any CPU.Build.0 = Release|Any CPU
		{5F4E6A46-EBE5-4C44-8EB7-2819A541480C}.Debug|Any CPU.ActiveCfg = Debug|Any CPU
		{5F4E6A46-EBE5-4C44-8EB7-2819A541480C}.Debug|Any CPU.Build.0 = Debug|Any CPU
		{5F4E6A46-EBE5-4C44-8EB7-2819A541480C}.Release|Any CPU.ActiveCfg = Release|Any CPU
		{5F4E6A46-EBE5-4C44-8EB7-2819A541480C}.Release|Any CPU.Build.0 = Release|Any CPU
	EndGlobalSection
	GlobalSection(NestedProjects) = preSolution
		{C4ECA2FF-6643-4302-B3BD-1E040B70E5C8} = {ACAE462F-EFF2-41ED-87C3-CF3A34556B50}
		{007A0CD2-D82C-4D42-A855-411FC41B0856} = {ACAE462F-EFF2-41ED-87C3-CF3A34556B50}
		{A08BC0E3-468F-496F-8A62-A8EDE70DDF8B} = {ACAE462F-EFF2-41ED-87C3-CF3A34556B50}
		{E124D5C5-C074-4208-856C-EE8BAC242A71} = {ACAE462F-EFF2-41ED-87C3-CF3A34556B50}
		{5F4E6A46-EBE5-4C44-8EB7-2819A541480C} = {83C17737-32D2-4B03-B3E0-24734DB61510}
	EndGlobalSection
EndGlobal
